# THIS IS AN AUTOGENERATED FILE. DO NOT EDIT THIS FILE DIRECTLY.
# yarn lockfile v1
acorn-jsx@^3.0.1:
  version "3.0.1"
  resolved "https://registry.yarnpkg.com/acorn-jsx/-/acorn-jsx-3.0.1.tgz#afdf9488fb1ecefc8348f6fb22f464e32a58b36b"
  dependencies:
    acorn "^3.0.4"

acorn@^3.0.4:
  version "3.3.0"
  resolved "https://registry.yarnpkg.com/acorn/-/acorn-3.3.0.tgz#45e37fb39e8da3f25baee3ff5369e2bb5f22017a"

balanced-match@^0.4.1:
  version "0.4.2"
  resolved "https://registry.yarnpkg.com/balanced-match/-/balanced-match-0.4.2.tgz#cb3f3e3c732dc0f01ee70b403f302e61d7709838"

brace-expansion@^1.0.0:
  version "1.1.6"
  resolved "https://registry.yarnpkg.com/brace-expansion/-/brace-expansion-1.1.6.tgz#7197d7eaa9b87e648390ea61fc66c84427420df9"
  dependencies:
    balanced-match "^0.4.1"
    concat-map "0.0.1"

builtin-modules@^1.1.1:
  version "1.1.1"
  resolved "https://registry.yarnpkg.com/builtin-modules/-/builtin-modules-1.1.1.tgz#270f076c5a72c02f5b65a47df94c5fe3a278892f"

concat-map@0.0.1:
  version "0.0.1"
  resolved "https://registry.yarnpkg.com/concat-map/-/concat-map-0.0.1.tgz#d8a96bd77fd68df7793a73036a3ba0d5405d477b"

contains-path@^0.1.0:
  version "0.1.0"
  resolved "https://registry.yarnpkg.com/contains-path/-/contains-path-0.1.0.tgz#fe8cf184ff6670b6baef01a9d4861a5cbec4120a"

damerau-levenshtein@^1.0.0:
  version "1.0.3"
  resolved "https://registry.yarnpkg.com/damerau-levenshtein/-/damerau-levenshtein-1.0.3.tgz#ae4f4ce0b62acae10ff63a01bb08f652f5213af2"

debug@^2.2.0, debug@2.2.0:
  version "2.2.0"
  resolved "https://registry.yarnpkg.com/debug/-/debug-2.2.0.tgz#f87057e995b1a1f6ae6a4960664137bc56f039da"
  dependencies:
    ms "0.7.1"

doctrine@^1.2.2:
  version "1.4.0"
  resolved "https://registry.yarnpkg.com/doctrine/-/doctrine-1.4.0.tgz#e2db32defa752407b935b381e89f3740e469e599"
  dependencies:
    esutils "^2.0.2"
    isarray "^1.0.0"

doctrine@1.3.x:
  version "1.3.0"
  resolved "https://registry.yarnpkg.com/doctrine/-/doctrine-1.3.0.tgz#13e75682b55518424276f7c173783456ef913d26"
  dependencies:
    esutils "^2.0.2"
    isarray "^1.0.0"

eslint-config-airbnb:
  version "12.0.0"
  resolved "https://registry.yarnpkg.com/eslint-config-airbnb/-/eslint-config-airbnb-12.0.0.tgz#ab282b756a25f03d04ac264c24d673a08a803270"
  dependencies:
    eslint-config-airbnb-base "^8.0.0"

eslint-config-airbnb-base@^8.0.0:
  version "8.0.0"
  resolved "https://registry.yarnpkg.com/eslint-config-airbnb-base/-/eslint-config-airbnb-base-8.0.0.tgz#c5e958a469ab8af76aff068b43d784e5afe74ca7"

eslint-import-resolver-node@^0.2.0:
  version "0.2.3"
  resolved "https://registry.yarnpkg.com/eslint-import-resolver-node/-/eslint-import-resolver-node-0.2.3.tgz#5add8106e8c928db2cba232bcd9efa846e3da16c"
  dependencies:
    debug "^2.2.0"
    object-assign "^4.0.1"
    resolve "^1.1.6"

eslint-module-utils@^1.0.0:
  version "1.0.0"
  resolved "https://registry.yarnpkg.com/eslint-module-utils/-/eslint-module-utils-1.0.0.tgz#c4a57fd3a53efd8426cc2d5550aadab9bbd05fd0"
  dependencies:
    debug "2.2.0"
    pkg-dir "^1.0.0"

eslint-plugin-flowtype:
  version "2.20.0"
  resolved "https://registry.yarnpkg.com/eslint-plugin-flowtype/-/eslint-plugin-flowtype-2.20.0.tgz#69b90576174ee6a305362c777720825e7db9464b"
  dependencies:
    lodash "^4.15.0"

eslint-plugin-import:
  version "2.0.1"
  resolved "https://registry.yarnpkg.com/eslint-plugin-import/-/eslint-plugin-import-2.0.1.tgz#dcfe96357d476b3f822570d42c29bec66f5d9c5c"
  dependencies:
    builtin-modules "^1.1.1"
    contains-path "^0.1.0"
    debug "^2.2.0"
    doctrine "1.3.x"
    eslint-import-resolver-node "^0.2.0"
    eslint-module-utils "^1.0.0"
    has "^1.0.1"
    lodash.cond "^4.3.0"
    minimatch "^3.0.3"
    pkg-up "^1.0.0"

eslint-plugin-jsx-a11y:
  version "2.2.3"
  resolved "https://registry.yarnpkg.com/eslint-plugin-jsx-a11y/-/eslint-plugin-jsx-a11y-2.2.3.tgz#4e35cb71b8a7db702ac415c806eb8e8d9ea6c65d"
  dependencies:
    damerau-levenshtein "^1.0.0"
    jsx-ast-utils "^1.0.0"
    object-assign "^4.0.1"

eslint-plugin-react:
  version "6.4.1"
  resolved "https://registry.yarnpkg.com/eslint-plugin-react/-/eslint-plugin-react-6.4.1.tgz#7d1aade747db15892f71eee1fea4addf97bcfa2b"
  dependencies:
    doctrine "^1.2.2"
    jsx-ast-utils "^1.3.1"

esutils@^2.0.2:
  version "2.0.2"
  resolved "https://registry.yarnpkg.com/esutils/-/esutils-2.0.2.tgz#0abf4f1caa5bcb1f7a9d8acc6dea4faaa04bac9b"

find-up@^1.0.0:
  version "1.1.2"
  resolved "https://registry.yarnpkg.com/find-up/-/find-up-1.1.2.tgz#6b2e9822b1a2ce0a60ab64d610eccad53cb24d0f"
  dependencies:
    path-exists "^2.0.0"
    pinkie-promise "^2.0.0"

function-bind@^1.0.2:
  version "1.1.0"
  resolved "https://registry.yarnpkg.com/function-bind/-/function-bind-1.1.0.tgz#16176714c801798e4e8f2cf7f7529467bb4a5771"

has@^1.0.1:
  version "1.0.1"
  resolved "https://registry.yarnpkg.com/has/-/has-1.0.1.tgz#8461733f538b0837c9361e39a9ab9e9704dc2f28"
  dependencies:
    function-bind "^1.0.2"

isarray@^1.0.0:
  version "1.0.0"
  resolved "https://registry.yarnpkg.com/isarray/-/isarray-1.0.0.tgz#bb935d48582cba168c06834957a54a3e07124f11"

jsx-ast-utils@^1.0.0, jsx-ast-utils@^1.3.1:
  version "1.3.2"
  resolved "https://registry.yarnpkg.com/jsx-ast-utils/-/jsx-ast-utils-1.3.2.tgz#dff658782705352111f9865d40471bc4a955961e"
  dependencies:
    acorn-jsx "^3.0.1"
    object-assign "^4.1.0"

lodash.cond@^4.3.0:
  version "4.5.2"
  resolved "https://registry.yarnpkg.com/lodash.cond/-/lodash.cond-4.5.2.tgz#f471a1da486be60f6ab955d17115523dd1d255d5"

lodash@^4.15.0:
  version "4.16.4"
  resolved "https://registry.yarnpkg.com/lodash/-/lodash-4.16.4.tgz#01ce306b9bad1319f2a5528674f88297aeb70127"

minimatch@^3.0.3:
  version "3.0.3"
  resolved "https://registry.yarnpkg.com/minimatch/-/minimatch-3.0.3.tgz#2a4e4090b96b2db06a9d7df01055a62a77c9b774"
  dependencies:
    brace-expansion "^1.0.0"

ms@0.7.1:
  version "0.7.1"
  resolved "https://registry.yarnpkg.com/ms/-/ms-0.7.1.tgz#9cd13c03adbff25b65effde7ce864ee952017098"

object-assign@^4.0.1, object-assign@^4.1.0:
  version "4.1.0"
  resolved "https://registry.yarnpkg.com/object-assign/-/object-assign-4.1.0.tgz#7a3b3d0e98063d43f4c03f2e8ae6cd51a86883a0"

path-exists@^2.0.0:
  version "2.1.0"
  resolved "https://registry.yarnpkg.com/path-exists/-/path-exists-2.1.0.tgz#0feb6c64f0fc518d9a754dd5efb62c7022761f4b"
  dependencies:
    pinkie-promise "^2.0.0"

pinkie-promise@^2.0.0:
  version "2.0.1"
  resolved "https://registry.yarnpkg.com/pinkie-promise/-/pinkie-promise-2.0.1.tgz#2135d6dfa7a358c069ac9b178776288228450ffa"
  dependencies:
    pinkie "^2.0.0"

pinkie@^2.0.0:
  version "2.0.4"
  resolved "https://registry.yarnpkg.com/pinkie/-/pinkie-2.0.4.tgz#72556b80cfa0d48a974e80e77248e80ed4f7f870"

pkg-dir@^1.0.0:
  version "1.0.0"
  resolved "https://registry.yarnpkg.com/pkg-dir/-/pkg-dir-1.0.0.tgz#7a4b508a8d5bb2d629d447056ff4e9c9314cf3d4"
  dependencies:
    find-up "^1.0.0"

pkg-up@^1.0.0:
  version "1.0.0"
  resolved "https://registry.yarnpkg.com/pkg-up/-/pkg-up-1.0.0.tgz#3e08fb461525c4421624a33b9f7e6d0af5b05a26"
  dependencies:
    find-up "^1.0.0"

resolve@^1.1.6:
  version "1.1.7"
  resolved "https://registry.yarnpkg.com/resolve/-/resolve-1.1.7.tgz#203114d82ad2c5ed9e8e0411b3932875e889e97b"

